
Microsoft Visual Studio Solution File, Format Version 12.00
Project("{FAE04EC0-301F-11D3-BF4B-00C04F79EFBC}") = "CarAuctionManagement", "CarAuctionManagement.csproj", "{C773C587-B7CE-490F-BCFC-89EDFF904E8C}"
EndProject
Project("{FAE04EC0-301F-11D3-BF4B-00C04F79EFBC}") = "CarAuctionManagement.Tests", "..\CarAuctionManagement.Tests\CarAuctionManagement.Tests\CarAuctionManagement.Tests.csproj", "{1F1ADC9B-0942-477B-885A-DD9C361E1E6D}"
EndProject
Global
	GlobalSection(SolutionConfigurationPlatforms) = preSolution
		Debug|Any CPU = Debug|Any CPU
		Release|Any CPU = Release|Any CPU
	EndGlobalSection
	GlobalSection(ProjectConfigurationPlatforms) = postSolution
		{C773C587-B7CE-490F-BCFC-89EDFF904E8C}.Debug|Any CPU.ActiveCfg = Debug|Any CPU
		{C773C587-B7CE-490F-BCFC-89EDFF904E8C}.Debug|Any CPU.Build.0 = Debug|Any CPU
		{C773C587-B7CE-490F-BCFC-89EDFF904E8C}.Release|Any CPU.ActiveCfg = Release|Any CPU
		{C773C587-B7CE-490F-BCFC-89EDFF904E8C}.Release|Any CPU.Build.0 = Release|Any CPU
		{1F1ADC9B-0942-477B-885A-DD9C361E1E6D}.Debug|Any CPU.ActiveCfg = Debug|Any CPU
		{1F1ADC9B-0942-477B-885A-DD9C361E1E6D}.Debug|Any CPU.Build.0 = Debug|Any CPU
		{1F1ADC9B-0942-477B-885A-DD9C361E1E6D}.Release|Any CPU.ActiveCfg = Release|Any CPU
		{1F1ADC9B-0942-477B-885A-DD9C361E1E6D}.Release|Any CPU.Build.0 = Release|Any CPU
	EndGlobalSection
EndGlobal
